
Microsoft Visual Studio Solution File, Format Version 12.00
# Visual Studio Version 16
VisualStudioVersion = 16.0.31019.35
MinimumVisualStudioVersion = 10.0.40219.1
Project("{FAE04EC0-301F-11D3-BF4B-00C04F79EFBC}") = "Guia 7 Ejercicio 2", "Guia 7 Ejercicio 2\Guia 7 Ejercicio 2.csproj", "{0580B61A-3EFF-4A89-830C-CF631E63A0D6}"
EndProject
Global
	GlobalSection(SolutionConfigurationPlatforms) = preSolution
		Debug|Any CPU = Debug|Any CPU
		Release|Any CPU = Release|Any CPU
	EndGlobalSection
	GlobalSection(ProjectConfigurationPlatforms) = postSolution
		{0580B61A-3EFF-4A89-830C-CF631E63A0D6}.Debug|Any CPU.ActiveCfg = Debug|Any CPU
		{0580B61A-3EFF-4A89-830C-CF631E63A0D6}.Debug|Any CPU.Build.0 = Debug|Any CPU
		{0580B61A-3EFF-4A89-830C-CF631E63A0D6}.Release|Any CPU.ActiveCfg = Release|Any CPU
		{0580B61A-3EFF-4A89-830C-CF631E63A0D6}.Release|Any CPU.Build.0 = Release|Any CPU
	EndGlobalSection
	GlobalSection(SolutionProperties) = preSolution
		HideSolutionNode = FALSE
	EndGlobalSection
	GlobalSection(ExtensibilityGlobals) = postSolution
		SolutionGuid = {7EA94A6F-371F-4527-97FD-A14CB0D99325}
	EndGlobalSection
EndGlobal
